
Microsoft Visual Studio Solution File, Format Version 12.00
# Visual Studio Version 16
VisualStudioVersion = 16.0.32510.428
MinimumVisualStudioVersion = 10.0.40219.1
Project("{FAE04EC0-301F-11D3-BF4B-00C04F79EFBC}") = "WebAPI_EMS", "WebAPI_EMS\WebAPI_EMS.csproj", "{DE1C0BB9-C634-4F38-A27B-B07F9E19B81E}"
EndProject
Global
	GlobalSection(SolutionConfigurationPlatforms) = preSolution
		Debug|Any CPU = Debug|Any CPU
		Release|Any CPU = Release|Any CPU
	EndGlobalSection
	GlobalSection(ProjectConfigurationPlatforms) = postSolution
		{DE1C0BB9-C634-4F38-A27B-B07F9E19B81E}.Debug|Any CPU.ActiveCfg = Debug|Any CPU
		{DE1C0BB9-C634-4F38-A27B-B07F9E19B81E}.Debug|Any CPU.Build.0 = Debug|Any CPU
		{DE1C0BB9-C634-4F38-A27B-B07F9E19B81E}.Release|Any CPU.ActiveCfg = Release|Any CPU
		{DE1C0BB9-C634-4F38-A27B-B07F9E19B81E}.Release|Any CPU.Build.0 = Release|Any CPU
	EndGlobalSection
	GlobalSection(SolutionProperties) = preSolution
		HideSolutionNode = FALSE
	EndGlobalSection
	GlobalSection(ExtensibilityGlobals) = postSolution
		SolutionGuid = {A3ABA4D3-5D3B-4193-9AAE-DB1D884AC1A2}
	EndGlobalSection
EndGlobal
